
Microsoft Visual Studio Solution File, Format Version 12.00
# Visual Studio Version 17
VisualStudioVersion = 17.7.34009.444
MinimumVisualStudioVersion = 10.0.40219.1
Project("{FAE04EC0-301F-11D3-BF4B-00C04F79EFBC}") = "практика", "практика.csproj", "{A65FD202-5E20-4023-8180-AB50A1A21181}"
EndProject
Global
	GlobalSection(SolutionConfigurationPlatforms) = preSolution
		Debug|Any CPU = Debug|Any CPU
		Release|Any CPU = Release|Any CPU
	EndGlobalSection
	GlobalSection(ProjectConfigurationPlatforms) = postSolution
		{A65FD202-5E20-4023-8180-AB50A1A21181}.Debug|Any CPU.ActiveCfg = Debug|Any CPU
		{A65FD202-5E20-4023-8180-AB50A1A21181}.Debug|Any CPU.Build.0 = Debug|Any CPU
		{A65FD202-5E20-4023-8180-AB50A1A21181}.Release|Any CPU.ActiveCfg = Release|Any CPU
		{A65FD202-5E20-4023-8180-AB50A1A21181}.Release|Any CPU.Build.0 = Release|Any CPU
	EndGlobalSection
	GlobalSection(SolutionProperties) = preSolution
		HideSolutionNode = FALSE
	EndGlobalSection
	GlobalSection(ExtensibilityGlobals) = postSolution
		SolutionGuid = {E895F077-369D-4B5C-A093-81788BDBCEF3}
	EndGlobalSection
EndGlobal
